// !$*UTF8*$!
{
	archiveVersion = 1;
	classes = {
	};
	objectVersion = 46;
	objects = {

/* Begin PBXBuildFile section */
		559398D91924401200ACE35A /* Foundation.framework in Frameworks */ = {isa = PBXBuildFile; fileRef = 559398D81924401200ACE35A /* Foundation.framework */; };
		559398DB1924401200ACE35A /* CoreGraphics.framework in Frameworks */ = {isa = PBXBuildFile; fileRef = 559398DA1924401200ACE35A /* CoreGraphics.framework */; };
		559398DD1924401200ACE35A /* UIKit.framework in Frameworks */ = {isa = PBXBuildFile; fileRef = 559398DC1924401200ACE35A /* UIKit.framework */; };
		559398E31924401200ACE35A /* InfoPlist.strings in Resources */ = {isa = PBXBuildFile; fileRef = 559398E11924401200ACE35A /* InfoPlist.strings */; };
		559398E51924401200ACE35A /* main.m in Sources */ = {isa = PBXBuildFile; fileRef = 559398E41924401200ACE35A /* main.m */; };
		559398E91924401200ACE35A /* AppDelegate.m in Sources */ = {isa = PBXBuildFile; fileRef = 559398E81924401200ACE35A /* AppDelegate.m */; };
		559398EC1924401200ACE35A /* Main.storyboard in Resources */ = {isa = PBXBuildFile; fileRef = 559398EA1924401200ACE35A /* Main.storyboard */; };
		559398EF1924401200ACE35A /* ViewController.m in Sources */ = {isa = PBXBuildFile; fileRef = 559398EE1924401200ACE35A /* ViewController.m */; };
		559398F11924401200ACE35A /* Images.xcassets in Resources */ = {isa = PBXBuildFile; fileRef = 559398F01924401200ACE35A /* Images.xcassets */; };
		559398F81924401200ACE35A /* XCTest.framework in Frameworks */ = {isa = PBXBuildFile; fileRef = 559398F71924401200ACE35A /* XCTest.framework */; };
		559398F91924401200ACE35A /* Foundation.framework in Frameworks */ = {isa = PBXBuildFile; fileRef = 559398D81924401200ACE35A /* Foundation.framework */; };
		559398FA1924401200ACE35A /* UIKit.framework in Frameworks */ = {isa = PBXBuildFile; fileRef = 559398DC1924401200ACE35A /* UIKit.framework */; };
		559399021924401200ACE35A /* InfoPlist.strings in Resources */ = {isa = PBXBuildFile; fileRef = 559399001924401200ACE35A /* InfoPlist.strings */; };
		559399041924401200ACE35A /* StopSignalTests.m in Sources */ = {isa = PBXBuildFile; fileRef = 559399031924401200ACE35A /* StopSignalTests.m */; };
		5593990E1924458100ACE35A /* MessageUI.framework in Frameworks */ = {isa = PBXBuildFile; fileRef = 5593990D1924458100ACE35A /* MessageUI.framework */; };
		55939911192445A900ACE35A /* libsqlite3.0.dylib in Frameworks */ = {isa = PBXBuildFile; fileRef = 5593990F192445A900ACE35A /* libsqlite3.0.dylib */; };
		55939912192445A900ACE35A /* libsqlite3.dylib in Frameworks */ = {isa = PBXBuildFile; fileRef = 55939910192445A900ACE35A /* libsqlite3.dylib */; };
		559399171924483600ACE35A /* Trial.m in Sources */ = {isa = PBXBuildFile; fileRef = 559399161924483600ACE35A /* Trial.m */; };
		5593991A192448B600ACE35A /* ssdb.m in Sources */ = {isa = PBXBuildFile; fileRef = 55939919192448B600ACE35A /* ssdb.m */; };
		5593991E1924596100ACE35A /* db.sqlite in Resources */ = {isa = PBXBuildFile; fileRef = 5593991D1924596100ACE35A /* db.sqlite */; };
		5593992119245BB900ACE35A /* trialsViewController.m in Sources */ = {isa = PBXBuildFile; fileRef = 5593992019245BB900ACE35A /* trialsViewController.m */; };
		5593992419245C1E00ACE35A /* BlueCircle.png in Resources */ = {isa = PBXBuildFile; fileRef = 5593992219245C1E00ACE35A /* BlueCircle.png */; };
		5593992519245C1E00ACE35A /* GreenCircle.png in Resources */ = {isa = PBXBuildFile; fileRef = 5593992319245C1E00ACE35A /* GreenCircle.png */; };
		5593992719245C2A00ACE35A /* circleg.gif in Resources */ = {isa = PBXBuildFile; fileRef = 5593992619245C2A00ACE35A /* circleg.gif */; };
		5593992919245C3800ACE35A /* GreyCircle.png in Resources */ = {isa = PBXBuildFile; fileRef = 5593992819245C3800ACE35A /* GreyCircle.png */; };
		5593992B19245C3F00ACE35A /* RedCircle.png in Resources */ = {isa = PBXBuildFile; fileRef = 5593992A19245C3F00ACE35A /* RedCircle.png */; };
/* End PBXBuildFile section */

/* Begin PBXContainerItemProxy section */
		559398FB1924401200ACE35A /* PBXContainerItemProxy */ = {
			isa = PBXContainerItemProxy;
			containerPortal = 559398CD1924401200ACE35A /* Project object */;
			proxyType = 1;
			remoteGlobalIDString = 559398D41924401200ACE35A;
			remoteInfo = StopSignal;
		};
/* End PBXContainerItemProxy section */

/* Begin PBXFileReference section */
		559398D51924401200ACE35A /* StopSignal.app */ = {isa = PBXFileReference; explicitFileType = wrapper.application; includeInIndex = 0; path = StopSignal.app; sourceTree = BUILT_PRODUCTS_DIR; };
		559398D81924401200ACE35A /* Foundation.framework */ = {isa = PBXFileReference; lastKnownFileType = wrapper.framework; name = Foundation.framework; path = System/Library/Frameworks/Foundation.framework; sourceTree = SDKROOT; };
		559398DA1924401200ACE35A /* CoreGraphics.framework */ = {isa = PBXFileReference; lastKnownFileType = wrapper.framework; name = CoreGraphics.framework; path = System/Library/Frameworks/CoreGraphics.framework; sourceTree = SDKROOT; };
		559398DC1924401200ACE35A /* UIKit.framework */ = {isa = PBXFileReference; lastKnownFileType = wrapper.framework; name = UIKit.framework; path = System/Library/Frameworks/UIKit.framework; sourceTree = SDKROOT; };
		559398E01924401200ACE35A /* StopSignal-Info.plist */ = {isa = PBXFileReference; lastKnownFileType = text.plist.xml; path = "StopSignal-Info.plist"; sourceTree = "<group>"; };
		559398E21924401200ACE35A /* en */ = {isa = PBXFileReference; lastKnownFileType = text.plist.strings; name = en; path = en.lproj/InfoPlist.strings; sourceTree = "<group>"; };
		559398E41924401200ACE35A /* main.m */ = {isa = PBXFileReference; lastKnownFileType = sourcecode.c.objc; path = main.m; sourceTree = "<group>"; };
		559398E61924401200ACE35A /* StopSignal-Prefix.pch */ = {isa = PBXFileReference; lastKnownFileType = sourcecode.c.h; path = "StopSignal-Prefix.pch"; sourceTree = "<group>"; };
		559398E71924401200ACE35A /* AppDelegate.h */ = {isa = PBXFileReference; lastKnownFileType = sourcecode.c.h; path = AppDelegate.h; sourceTree = "<group>"; };
		559398E81924401200ACE35A /* AppDelegate.m */ = {isa = PBXFileReference; lastKnownFileType = sourcecode.c.objc; path = AppDelegate.m; sourceTree = "<group>"; };
		559398EB1924401200ACE35A /* Base */ = {isa = PBXFileReference; lastKnownFileType = file.storyboard; name = Base; path = Base.lproj/Main.storyboard; sourceTree = "<group>"; };
		559398ED1924401200ACE35A /* ViewController.h */ = {isa = PBXFileReference; lastKnownFileType = sourcecode.c.h; path = ViewController.h; sourceTree = "<group>"; };
		559398EE1924401200ACE35A /* ViewController.m */ = {isa = PBXFileReference; lastKnownFileType = sourcecode.c.objc; path = ViewController.m; sourceTree = "<group>"; };
		559398F01924401200ACE35A /* Images.xcassets */ = {isa = PBXFileReference; lastKnownFileType = folder.assetcatalog; path = Images.xcassets; sourceTree = "<group>"; };
		559398F61924401200ACE35A /* StopSignalTests.xctest */ = {isa = PBXFileReference; explicitFileType = wrapper.cfbundle; includeInIndex = 0; path = StopSignalTests.xctest; sourceTree = BUILT_PRODUCTS_DIR; };
		559398F71924401200ACE35A /* XCTest.framework */ = {isa = PBXFileReference; lastKnownFileType = wrapper.framework; name = XCTest.framework; path = Library/Frameworks/XCTest.framework; sourceTree = DEVELOPER_DIR; };
		559398FF1924401200ACE35A /* StopSignalTests-Info.plist */ = {isa = PBXFileReference; lastKnownFileType = text.plist.xml; path = "StopSignalTests-Info.plist"; sourceTree = "<group>"; };
		559399011924401200ACE35A /* en */ = {isa = PBXFileReference; lastKnownFileType = text.plist.strings; name = en; path = en.lproj/InfoPlist.strings; sourceTree = "<group>"; };
		559399031924401200ACE35A /* StopSignalTests.m */ = {isa = PBXFileReference; lastKnownFileType = sourcecode.c.objc; path = StopSignalTests.m; sourceTree = "<group>"; };
		5593990D1924458100ACE35A /* MessageUI.framework */ = {isa = PBXFileReference; lastKnownFileType = wrapper.framework; name = MessageUI.framework; path = System/Library/Frameworks/MessageUI.framework; sourceTree = SDKROOT; };
		5593990F192445A900ACE35A /* libsqlite3.0.dylib */ = {isa = PBXFileReference; lastKnownFileType = "compiled.mach-o.dylib"; name = libsqlite3.0.dylib; path = usr/lib/libsqlite3.0.dylib; sourceTree = SDKROOT; };
		55939910192445A900ACE35A /* libsqlite3.dylib */ = {isa = PBXFileReference; lastKnownFileType = "compiled.mach-o.dylib"; name = libsqlite3.dylib; path = usr/lib/libsqlite3.dylib; sourceTree = SDKROOT; };
		559399151924483600ACE35A /* Trial.h */ = {isa = PBXFileReference; fileEncoding = 4; lastKnownFileType = sourcecode.c.h; path = Trial.h; sourceTree = "<group>"; };
		559399161924483600ACE35A /* Trial.m */ = {isa = PBXFileReference; fileEncoding = 4; lastKnownFileType = sourcecode.c.objc; path = Trial.m; sourceTree = "<group>"; };
		55939918192448B600ACE35A /* ssdb.h */ = {isa = PBXFileReference; fileEncoding = 4; lastKnownFileType = sourcecode.c.h; path = ssdb.h; sourceTree = "<group>"; };
		55939919192448B600ACE35A /* ssdb.m */ = {isa = PBXFileReference; fileEncoding = 4; lastKnownFileType = sourcecode.c.objc; path = ssdb.m; sourceTree = "<group>"; };
		5593991D1924596100ACE35A /* db.sqlite */ = {isa = PBXFileReference; lastKnownFileType = file; path = db.sqlite; sourceTree = "<group>"; };
		5593991F19245BB900ACE35A /* trialsViewController.h */ = {isa = PBXFileReference; fileEncoding = 4; lastKnownFileType = sourcecode.c.h; path = trialsViewController.h; sourceTree = "<group>"; };
		5593992019245BB900ACE35A /* trialsViewController.m */ = {isa = PBXFileReference; fileEncoding = 4; lastKnownFileType = sourcecode.c.objc; path = trialsViewController.m; sourceTree = "<group>"; };
		5593992219245C1E00ACE35A /* BlueCircle.png */ = {isa = PBXFileReference; lastKnownFileType = image.png; path = BlueCircle.png; sourceTree = "<group>"; };
		5593992319245C1E00ACE35A /* GreenCircle.png */ = {isa = PBXFileReference; lastKnownFileType = image.png; path = GreenCircle.png; sourceTree = "<group>"; };
		5593992619245C2A00ACE35A /* circleg.gif */ = {isa = PBXFileReference; lastKnownFileType = image.gif; path = circleg.gif; sourceTree = "<group>"; };
		5593992819245C3800ACE35A /* GreyCircle.png */ = {isa = PBXFileReference; lastKnownFileType = image.png; path = GreyCircle.png; sourceTree = "<group>"; };
		5593992A19245C3F00ACE35A /* RedCircle.png */ = {isa = PBXFileReference; lastKnownFileType = image.png; path = RedCircle.png; sourceTree = "<group>"; };
/* End PBXFileReference section */

/* Begin PBXFrameworksBuildPhase section */
		559398D21924401200ACE35A /* Frameworks */ = {
			isa = PBXFrameworksBuildPhase;
			buildActionMask = 2147483647;
			files = (
				55939911192445A900ACE35A /* libsqlite3.0.dylib in Frameworks */,
				55939912192445A900ACE35A /* libsqlite3.dylib in Frameworks */,
				5593990E1924458100ACE35A /* MessageUI.framework in Frameworks */,
				559398DB1924401200ACE35A /* CoreGraphics.framework in Frameworks */,
				559398DD1924401200ACE35A /* UIKit.framework in Frameworks */,
				559398D91924401200ACE35A /* Foundation.framework in Frameworks */,
			);
			runOnlyForDeploymentPostprocessing = 0;
		};
		559398F31924401200ACE35A /* Frameworks */ = {
			isa = PBXFrameworksBuildPhase;
			buildActionMask = 2147483647;
			files = (
				559398F81924401200ACE35A /* XCTest.framework in Frameworks */,
				559398FA1924401200ACE35A /* UIKit.framework in Frameworks */,
				559398F91924401200ACE35A /* Foundation.framework in Frameworks */,
			);
			runOnlyForDeploymentPostprocessing = 0;
		};
/* End PBXFrameworksBuildPhase section */

/* Begin PBXGroup section */
		559398CC1924401200ACE35A = {
			isa = PBXGroup;
			children = (
				559398DE1924401200ACE35A /* StopSignal */,
				559398FD1924401200ACE35A /* StopSignalTests */,
				559398D71924401200ACE35A /* Frameworks */,
				559398D61924401200ACE35A /* Products */,
			);
			sourceTree = "<group>";
		};
		559398D61924401200ACE35A /* Products */ = {
			isa = PBXGroup;
			children = (
				559398D51924401200ACE35A /* StopSignal.app */,
				559398F61924401200ACE35A /* StopSignalTests.xctest */,
			);
			name = Products;
			sourceTree = "<group>";
		};
		559398D71924401200ACE35A /* Frameworks */ = {
			isa = PBXGroup;
			children = (
				5593990F192445A900ACE35A /* libsqlite3.0.dylib */,
				55939910192445A900ACE35A /* libsqlite3.dylib */,
				5593990D1924458100ACE35A /* MessageUI.framework */,
				559398D81924401200ACE35A /* Foundation.framework */,
				559398DA1924401200ACE35A /* CoreGraphics.framework */,
				559398DC1924401200ACE35A /* UIKit.framework */,
				559398F71924401200ACE35A /* XCTest.framework */,
			);
			name = Frameworks;
			sourceTree = "<group>";
		};
		559398DE1924401200ACE35A /* StopSignal */ = {
			isa = PBXGroup;
			children = (
				5593992A19245C3F00ACE35A /* RedCircle.png */,
				5593992819245C3800ACE35A /* GreyCircle.png */,
				5593992619245C2A00ACE35A /* circleg.gif */,
				5593992219245C1E00ACE35A /* BlueCircle.png */,
				5593992319245C1E00ACE35A /* GreenCircle.png */,
				5593991D1924596100ACE35A /* db.sqlite */,
				559398E71924401200ACE35A /* AppDelegate.h */,
				559398E81924401200ACE35A /* AppDelegate.m */,
				559398EA1924401200ACE35A /* Main.storyboard */,
				559398ED1924401200ACE35A /* ViewController.h */,
				559398EE1924401200ACE35A /* ViewController.m */,
				559398F01924401200ACE35A /* Images.xcassets */,
				559398DF1924401200ACE35A /* Supporting Files */,
				559399151924483600ACE35A /* Trial.h */,
				559399161924483600ACE35A /* Trial.m */,
				55939918192448B600ACE35A /* ssdb.h */,
				55939919192448B600ACE35A /* ssdb.m */,
				5593991F19245BB900ACE35A /* trialsViewController.h */,
				5593992019245BB900ACE35A /* trialsViewController.m */,
			);
			path = StopSignal;
			sourceTree = "<group>";
		};
		559398DF1924401200ACE35A /* Supporting Files */ = {
			isa = PBXGroup;
			children = (
				559398E01924401200ACE35A /* StopSignal-Info.plist */,
				559398E11924401200ACE35A /* InfoPlist.strings */,
				559398E41924401200ACE35A /* main.m */,
				559398E61924401200ACE35A /* StopSignal-Prefix.pch */,
			);
			name = "Supporting Files";
			sourceTree = "<group>";
		};
		559398FD1924401200ACE35A /* StopSignalTests */ = {
			isa = PBXGroup;
			children = (
				559399031924401200ACE35A /* StopSignalTests.m */,
				559398FE1924401200ACE35A /* Supporting Files */,
			);
			path = StopSignalTests;
			sourceTree = "<group>";
		};
		559398FE1924401200ACE35A /* Supporting Files */ = {
			isa = PBXGroup;
			children = (
				559398FF1924401200ACE35A /* StopSignalTests-Info.plist */,
				559399001924401200ACE35A /* InfoPlist.strings */,
			);
			name = "Supporting Files";
			sourceTree = "<group>";
		};
/* End PBXGroup section */

/* Begin PBXNativeTarget section */
		559398D41924401200ACE35A /* StopSignal */ = {
			isa = PBXNativeTarget;
			buildConfigurationList = 559399071924401200ACE35A /* Build configuration list for PBXNativeTarget "StopSignal" */;
			buildPhases = (
				559398D11924401200ACE35A /* Sources */,
				559398D21924401200ACE35A /* Frameworks */,
				559398D31924401200ACE35A /* Resources */,
			);
			buildRules = (
			);
			dependencies = (
			);
			name = StopSignal;
			productName = StopSignal;
			productReference = 559398D51924401200ACE35A /* StopSignal.app */;
			productType = "com.apple.product-type.application";
		};
		559398F51924401200ACE35A /* StopSignalTests */ = {
			isa = PBXNativeTarget;
			buildConfigurationList = 5593990A1924401200ACE35A /* Build configuration list for PBXNativeTarget "StopSignalTests" */;
			buildPhases = (
				559398F21924401200ACE35A /* Sources */,
				559398F31924401200ACE35A /* Frameworks */,
				559398F41924401200ACE35A /* Resources */,
			);
			buildRules = (
			);
			dependencies = (
				559398FC1924401200ACE35A /* PBXTargetDependency */,
			);
			name = StopSignalTests;
			productName = StopSignalTests;
			productReference = 559398F61924401200ACE35A /* StopSignalTests.xctest */;
			productType = "com.apple.product-type.bundle.unit-test";
		};
/* End PBXNativeTarget section */

/* Begin PBXProject section */
		559398CD1924401200ACE35A /* Project object */ = {
			isa = PBXProject;
			attributes = {
				LastUpgradeCheck = 0510;
				ORGANIZATIONNAME = "Ferocia Solutions Inc.";
				TargetAttributes = {
					559398F51924401200ACE35A = {
						TestTargetID = 559398D41924401200ACE35A;
					};
				};
			};
			buildConfigurationList = 559398D01924401200ACE35A /* Build configuration list for PBXProject "StopSignal" */;
			compatibilityVersion = "Xcode 3.2";
			developmentRegion = English;
			hasScannedForEncodings = 0;
			knownRegions = (
				en,
				Base,
			);
			mainGroup = 559398CC1924401200ACE35A;
			productRefGroup = 559398D61924401200ACE35A /* Products */;
			projectDirPath = "";
			projectRoot = "";
			targets = (
				559398D41924401200ACE35A /* StopSignal */,
				559398F51924401200ACE35A /* StopSignalTests */,
			);
		};
/* End PBXProject section */

/* Begin PBXResourcesBuildPhase section */
		559398D31924401200ACE35A /* Resources */ = {
			isa = PBXResourcesBuildPhase;
			buildActionMask = 2147483647;
			files = (
				559398F11924401200ACE35A /* Images.xcassets in Resources */,
				5593992519245C1E00ACE35A /* GreenCircle.png in Resources */,
				5593992919245C3800ACE35A /* GreyCircle.png in Resources */,
				559398E31924401200ACE35A /* InfoPlist.strings in Resources */,
				5593992B19245C3F00ACE35A /* RedCircle.png in Resources */,
				5593992719245C2A00ACE35A /* circleg.gif in Resources */,
				559398EC1924401200ACE35A /* Main.storyboard in Resources */,
				5593992419245C1E00ACE35A /* BlueCircle.png in Resources */,
				5593991E1924596100ACE35A /* db.sqlite in Resources */,
			);
			runOnlyForDeploymentPostprocessing = 0;
		};
		559398F41924401200ACE35A /* Resources */ = {
			isa = PBXResourcesBuildPhase;
			buildActionMask = 2147483647;
			files = (
				559399021924401200ACE35A /* InfoPlist.strings in Resources */,
			);
			runOnlyForDeploymentPostprocessing = 0;
		};
/* End PBXResourcesBuildPhase section */

/* Begin PBXSourcesBuildPhase section */
		559398D11924401200ACE35A /* Sources */ = {
			isa = PBXSourcesBuildPhase;
			buildActionMask = 2147483647;
			files = (
				5593991A192448B600ACE35A /* ssdb.m in Sources */,
				559398EF1924401200ACE35A /* ViewController.m in Sources */,
				559398E91924401200ACE35A /* AppDelegate.m in Sources */,
				559399171924483600ACE35A /* Trial.m in Sources */,
				559398E51924401200ACE35A /* main.m in Sources */,
				5593992119245BB900ACE35A /* trialsViewController.m in Sources */,
			);
			runOnlyForDeploymentPostprocessing = 0;
		};
		559398F21924401200ACE35A /* Sources */ = {
			isa = PBXSourcesBuildPhase;
			buildActionMask = 2147483647;
			files = (
				559399041924401200ACE35A /* StopSignalTests.m in Sources */,
			);
			runOnlyForDeploymentPostprocessing = 0;
		};
/* End PBXSourcesBuildPhase section */

/* Begin PBXTargetDependency section */
		559398FC1924401200ACE35A /* PBXTargetDependency */ = {
			isa = PBXTargetDependency;
			target = 559398D41924401200ACE35A /* StopSignal */;
			targetProxy = 559398FB1924401200ACE35A /* PBXContainerItemProxy */;
		};
/* End PBXTargetDependency section */

/* Begin PBXVariantGroup section */
		559398E11924401200ACE35A /* InfoPlist.strings */ = {
			isa = PBXVariantGroup;
			children = (
				559398E21924401200ACE35A /* en */,
			);
			name = InfoPlist.strings;
			sourceTree = "<group>";
		};
		559398EA1924401200ACE35A /* Main.storyboard */ = {
			isa = PBXVariantGroup;
			children = (
				559398EB1924401200ACE35A /* Base */,
			);
			name = Main.storyboard;
			sourceTree = "<group>";
		};
		559399001924401200ACE35A /* InfoPlist.strings */ = {
			isa = PBXVariantGroup;
			children = (
				559399011924401200ACE35A /* en */,
			);
			name = InfoPlist.strings;
			sourceTree = "<group>";
		};
/* End PBXVariantGroup section */

/* Begin XCBuildConfiguration section */
		559399051924401200ACE35A /* Debug */ = {
			isa = XCBuildConfiguration;
			buildSettings = {
				ALWAYS_SEARCH_USER_PATHS = NO;
				CLANG_CXX_LANGUAGE_STANDARD = "gnu++0x";
				CLANG_CXX_LIBRARY = "libc++";
				CLANG_ENABLE_MODULES = YES;
				CLANG_ENABLE_OBJC_ARC = YES;
				CLANG_WARN_BOOL_CONVERSION = YES;
				CLANG_WARN_CONSTANT_CONVERSION = YES;
				CLANG_WARN_DIRECT_OBJC_ISA_USAGE = YES_ERROR;
				CLANG_WARN_EMPTY_BODY = YES;
				CLANG_WARN_ENUM_CONVERSION = YES;
				CLANG_WARN_INT_CONVERSION = YES;
				CLANG_WARN_OBJC_ROOT_CLASS = YES_ERROR;
				CLANG_WARN__DUPLICATE_METHOD_MATCH = YES;
				"CODE_SIGN_IDENTITY[sdk=iphoneos*]" = "iPhone Developer";
				COPY_PHASE_STRIP = NO;
				GCC_C_LANGUAGE_STANDARD = gnu99;
				GCC_DYNAMIC_NO_PIC = NO;
				GCC_OPTIMIZATION_LEVEL = 0;
				GCC_PREPROCESSOR_DEFINITIONS = (
					"DEBUG=1",
					"$(inherited)",
				);
				GCC_SYMBOLS_PRIVATE_EXTERN = NO;
				GCC_WARN_64_TO_32_BIT_CONVERSION = YES;
				GCC_WARN_ABOUT_RETURN_TYPE = YES_ERROR;
				GCC_WARN_UNDECLARED_SELECTOR = YES;
				GCC_WARN_UNINITIALIZED_AUTOS = YES_AGGRESSIVE;
				GCC_WARN_UNUSED_FUNCTION = YES;
				GCC_WARN_UNUSED_VARIABLE = YES;
				IPHONEOS_DEPLOYMENT_TARGET = 7.1;
				ONLY_ACTIVE_ARCH = YES;
				SDKROOT = iphoneos;
				TARGETED_DEVICE_FAMILY = 2;
			};
			name = Debug;
		};
		559399061924401200ACE35A /* Release */ = {
			isa = XCBuildConfiguration;
			buildSettings = {
				ALWAYS_SEARCH_USER_PATHS = NO;
				CLANG_CXX_LANGUAGE_STANDARD = "gnu++0x";
				CLANG_CXX_LIBRARY = "libc++";
				CLANG_ENABLE_MODULES = YES;
				CLANG_ENABLE_OBJC_ARC = YES;
				CLANG_WARN_BOOL_CONVERSION = YES;
				CLANG_WARN_CONSTANT_CONVERSION = YES;
				CLANG_WARN_DIRECT_OBJC_ISA_USAGE = YES_ERROR;
				CLANG_WARN_EMPTY_BODY = YES;
				CLANG_WARN_ENUM_CONVERSION = YES;
				CLANG_WARN_INT_CONVERSION = YES;
				CLANG_WARN_OBJC_ROOT_CLASS = YES_ERROR;
				CLANG_WARN__DUPLICATE_METHOD_MATCH = YES;
				"CODE_SIGN_IDENTITY[sdk=iphoneos*]" = "iPhone Developer";
				COPY_PHASE_STRIP = YES;
				ENABLE_NS_ASSERTIONS = NO;
				GCC_C_LANGUAGE_STANDARD = gnu99;
				GCC_WARN_64_TO_32_BIT_CONVERSION = YES;
				GCC_WARN_ABOUT_RETURN_TYPE = YES_ERROR;
				GCC_WARN_UNDECLARED_SELECTOR = YES;
				GCC_WARN_UNINITIALIZED_AUTOS = YES_AGGRESSIVE;
				GCC_WARN_UNUSED_FUNCTION = YES;
				GCC_WARN_UNUSED_VARIABLE = YES;
				IPHONEOS_DEPLOYMENT_TARGET = 7.1;
				SDKROOT = iphoneos;
				TARGETED_DEVICE_FAMILY = 2;
				VALIDATE_PRODUCT = YES;
			};
			name = Release;
		};
		559399081924401200ACE35A /* Debug */ = {
			isa = XCBuildConfiguration;
			buildSettings = {
				ASSETCATALOG_COMPILER_APPICON_NAME = AppIcon;
				ASSETCATALOG_COMPILER_LAUNCHIMAGE_NAME = LaunchImage;
				GCC_PRECOMPILE_PREFIX_HEADER = YES;
				GCC_PREFIX_HEADER = "StopSignal/StopSignal-Prefix.pch";
				INFOPLIST_FILE = "StopSignal/StopSignal-Info.plist";
				PRODUCT_NAME = "$(TARGET_NAME)";
				WRAPPER_EXTENSION = app;
			};
			name = Debug;
		};
		559399091924401200ACE35A /* Release */ = {
			isa = XCBuildConfiguration;
			buildSettings = {
				ASSETCATALOG_COMPILER_APPICON_NAME = AppIcon;
				ASSETCATALOG_COMPILER_LAUNCHIMAGE_NAME = LaunchImage;
				GCC_PRECOMPILE_PREFIX_HEADER = YES;
				GCC_PREFIX_HEADER = "StopSignal/StopSignal-Prefix.pch";
				INFOPLIST_FILE = "StopSignal/StopSignal-Info.plist";
				PRODUCT_NAME = "$(TARGET_NAME)";
				WRAPPER_EXTENSION = app;
			};
			name = Release;
		};
		5593990B1924401200ACE35A /* Debug */ = {
			isa = XCBuildConfiguration;
			buildSettings = {
				BUNDLE_LOADER = "$(BUILT_PRODUCTS_DIR)/StopSignal.app/StopSignal";
				FRAMEWORK_SEARCH_PATHS = (
					"$(SDKROOT)/Developer/Library/Frameworks",
					"$(inherited)",
					"$(DEVELOPER_FRAMEWORKS_DIR)",
				);
				GCC_PRECOMPILE_PREFIX_HEADER = YES;
				GCC_PREFIX_HEADER = "StopSignal/StopSignal-Prefix.pch";
				GCC_PREPROCESSOR_DEFINITIONS = (
					"DEBUG=1",
					"$(inherited)",
				);
				INFOPLIST_FILE = "StopSignalTests/StopSignalTests-Info.plist";
				PRODUCT_NAME = "$(TARGET_NAME)";
				TEST_HOST = "$(BUNDLE_LOADER)";
				WRAPPER_EXTENSION = xctest;
			};
			name = Debug;
		};
		5593990C1924401200ACE35A /* Release */ = {
			isa = XCBuildConfiguration;
			buildSettings = {
				BUNDLE_LOADER = "$(BUILT_PRODUCTS_DIR)/StopSignal.app/StopSignal";
				FRAMEWORK_SEARCH_PATHS = (
					"$(SDKROOT)/Developer/Library/Frameworks",
					"$(inherited)",
					"$(DEVELOPER_FRAMEWORKS_DIR)",
				);
				GCC_PRECOMPILE_PREFIX_HEADER = YES;
				GCC_PREFIX_HEADER = "StopSignal/StopSignal-Prefix.pch";
				INFOPLIST_FILE = "StopSignalTests/StopSignalTests-Info.plist";
				PRODUCT_NAME = "$(TARGET_NAME)";
				TEST_HOST = "$(BUNDLE_LOADER)";
				WRAPPER_EXTENSION = xctest;
			};
			name = Release;
		};
/* End XCBuildConfiguration section */

/* Begin XCConfigurationList section */
		559398D01924401200ACE35A /* Build configuration list for PBXProject "StopSignal" */ = {
			isa = XCConfigurationList;
			buildConfigurations = (
				559399051924401200ACE35A /* Debug */,
				559399061924401200ACE35A /* Release */,
			);
			defaultConfigurationIsVisible = 0;
			defaultConfigurationName = Release;
		};
		559399071924401200ACE35A /* Build configuration list for PBXNativeTarget "StopSignal" */ = {
			isa = XCConfigurationList;
			buildConfigurations = (
				559399081924401200ACE35A /* Debug */,
				559399091924401200ACE35A /* Release */,
			);
			defaultConfigurationIsVisible = 0;
		};
		5593990A1924401200ACE35A /* Build configuration list for PBXNativeTarget "StopSignalTests" */ = {
			isa = XCConfigurationList;
			buildConfigurations = (
				5593990B1924401200ACE35A /* Debug */,
				5593990C1924401200ACE35A /* Release */,
			);
			defaultConfigurationIsVisible = 0;
		};
/* End XCConfigurationList section */
	};
	rootObject = 559398CD1924401200ACE35A /* Project object */;
}
